
Microsoft Visual Studio Solution File, Format Version 12.00
# Visual Studio Version 16
VisualStudioVersion = 16.0.31410.357
MinimumVisualStudioVersion = 10.0.40219.1
Project("{FAE04EC0-301F-11D3-BF4B-00C04F79EFBC}") = "SplitWisemvvm", "SplitWisemvvm\SplitWisemvvm.csproj", "{51CC1821-1F6C-4F2E-8E90-1491BBF61226}"
EndProject
Global
	GlobalSection(SolutionConfigurationPlatforms) = preSolution
		Debug|Any CPU = Debug|Any CPU
		Release|Any CPU = Release|Any CPU
	EndGlobalSection
	GlobalSection(ProjectConfigurationPlatforms) = postSolution
		{51CC1821-1F6C-4F2E-8E90-1491BBF61226}.Debug|Any CPU.ActiveCfg = Debug|Any CPU
		{51CC1821-1F6C-4F2E-8E90-1491BBF61226}.Debug|Any CPU.Build.0 = Debug|Any CPU
		{51CC1821-1F6C-4F2E-8E90-1491BBF61226}.Release|Any CPU.ActiveCfg = Release|Any CPU
		{51CC1821-1F6C-4F2E-8E90-1491BBF61226}.Release|Any CPU.Build.0 = Release|Any CPU
	EndGlobalSection
	GlobalSection(SolutionProperties) = preSolution
		HideSolutionNode = FALSE
	EndGlobalSection
	GlobalSection(ExtensibilityGlobals) = postSolution
		SolutionGuid = {0E096D1C-3022-428D-A808-7E245BD5F232}
	EndGlobalSection
EndGlobal
